Microsoft Visual Studio Solution File, Format Version 11.00
# Visual Studio 2008

Project("{AB58C3D2-3F25-832D-E807-772CB54F5627}") = "Morph", "Assembly-CSharp.csproj", "{4A829776-6DDB-823B-CC4A-A450679E5904}"
EndProject
Global
	GlobalSection(SolutionConfigurationPlatforms) = preSolution
		Debug|Any CPU = Debug|Any CPU
		Release|Any CPU = Release|Any CPU
	EndGlobalSection
	GlobalSection(ProjectConfigurationPlatforms) = postSolution
		{4A829776-6DDB-823B-CC4A-A450679E5904}.Debug|Any CPU.ActiveCfg = Debug|Any CPU
		{4A829776-6DDB-823B-CC4A-A450679E5904}.Debug|Any CPU.Build.0 = Debug|Any CPU
		{4A829776-6DDB-823B-CC4A-A450679E5904}.Release|Any CPU.ActiveCfg = Release|Any CPU
		{4A829776-6DDB-823B-CC4A-A450679E5904}.Release|Any CPU.Build.0 = Release|Any CPU
	EndGlobalSection
	GlobalSection(SolutionProperties) = preSolution
		HideSolutionNode = FALSE
	EndGlobalSection
	GlobalSection(MonoDevelopProperties) = preSolution
		StartupItem = Assembly-CSharp.csproj
	EndGlobalSection
EndGlobal
